// !$*UTF8*$!
{
	archiveVersion = 1;
	classes = {
	};
	objectVersion = 56;
	objects = {

/* Begin PBXBuildFile section */
		BF60F6B128F60109006E1DEE /* SIgnUpViewController.swift in Sources */ = {isa = PBXBuildFile; fileRef = BF60F6B028F60109006E1DEE /* SIgnUpViewController.swift */; };
		BF60F6B328F60119006E1DEE /* LoginViewController.swift in Sources */ = {isa = PBXBuildFile; fileRef = BF60F6B228F60119006E1DEE /* LoginViewController.swift */; };
		BF60F6BB28F609B1006E1DEE /* HomeViewController.swift in Sources */ = {isa = PBXBuildFile; fileRef = BF60F6BA28F609B1006E1DEE /* HomeViewController.swift */; };
		BFCC119028F6497800FBEA82 /* Abilities.swift in Sources */ = {isa = PBXBuildFile; fileRef = BFCC118F28F6497800FBEA82 /* Abilities.swift */; };
		BFCC119228F657B200FBEA82 /* Constants.swift in Sources */ = {isa = PBXBuildFile; fileRef = BFCC119128F657B200FBEA82 /* Constants.swift */; };
		BFCC119428F8ECA600FBEA82 /* Product.swift in Sources */ = {isa = PBXBuildFile; fileRef = BFCC119328F8ECA600FBEA82 /* Product.swift */; };
		BFCF0F3E28E864F900D867BB /* AppDelegate.swift in Sources */ = {isa = PBXBuildFile; fileRef = BFCF0F3D28E864F900D867BB /* AppDelegate.swift */; };
		BFCF0F4028E864F900D867BB /* SceneDelegate.swift in Sources */ = {isa = PBXBuildFile; fileRef = BFCF0F3F28E864F900D867BB /* SceneDelegate.swift */; };
		BFCF0F4228E864F900D867BB /* ViewController.swift in Sources */ = {isa = PBXBuildFile; fileRef = BFCF0F4128E864F900D867BB /* ViewController.swift */; };
		BFCF0F4528E864F900D867BB /* Main.storyboard in Resources */ = {isa = PBXBuildFile; fileRef = BFCF0F4328E864F900D867BB /* Main.storyboard */; };
		BFCF0F4728E864FB00D867BB /* Assets.xcassets in Resources */ = {isa = PBXBuildFile; fileRef = BFCF0F4628E864FB00D867BB /* Assets.xcassets */; };
		BFCF0F4A28E864FB00D867BB /* LaunchScreen.storyboard in Resources */ = {isa = PBXBuildFile; fileRef = BFCF0F4828E864FB00D867BB /* LaunchScreen.storyboard */; };
		BFCF0F5428EB297F00D867BB /* CustomTextField.swift in Sources */ = {isa = PBXBuildFile; fileRef = BFCF0F5328EB297F00D867BB /* CustomTextField.swift */; };
		BFCF0F5628EB2C8200D867BB /* CustomButton.swift in Sources */ = {isa = PBXBuildFile; fileRef = BFCF0F5528EB2C8200D867BB /* CustomButton.swift */; };
		BFFAF6DF28F6328C00D433BC /* GoogleService-Info.plist in Resources */ = {isa = PBXBuildFile; fileRef = BFFAF6DE28F6328C00D433BC /* GoogleService-Info.plist */; };
		BFFAF6E228F63B4E00D433BC /* FirebaseAnalytics in Frameworks */ = {isa = PBXBuildFile; productRef = BFFAF6E128F63B4E00D433BC /* FirebaseAnalytics */; };
		BFFAF6E428F63B4E00D433BC /* FirebaseAuth in Frameworks */ = {isa = PBXBuildFile; productRef = BFFAF6E328F63B4E00D433BC /* FirebaseAuth */; };
		BFFAF6E628F63B4E00D433BC /* FirebaseDatabaseSwift in Frameworks */ = {isa = PBXBuildFile; productRef = BFFAF6E528F63B4E00D433BC /* FirebaseDatabaseSwift */; };
		BFFAF6E828F63B4E00D433BC /* FirebaseFirestore in Frameworks */ = {isa = PBXBuildFile; productRef = BFFAF6E728F63B4E00D433BC /* FirebaseFirestore */; };
/* End PBXBuildFile section */

/* Begin PBXFileReference section */
		BF60F6B028F60109006E1DEE /* SIgnUpViewController.swift */ = {isa = PBXFileReference; lastKnownFileType = sourcecode.swift; path = SIgnUpViewController.swift; sourceTree = "<group>"; };
		BF60F6B228F60119006E1DEE /* LoginViewController.swift */ = {isa = PBXFileReference; lastKnownFileType = sourcecode.swift; path = LoginViewController.swift; sourceTree = "<group>"; };
		BF60F6BA28F609B1006E1DEE /* HomeViewController.swift */ = {isa = PBXFileReference; lastKnownFileType = sourcecode.swift; path = HomeViewController.swift; sourceTree = "<group>"; };
		BFCC118F28F6497800FBEA82 /* Abilities.swift */ = {isa = PBXFileReference; lastKnownFileType = sourcecode.swift; path = Abilities.swift; sourceTree = "<group>"; };
		BFCC119128F657B200FBEA82 /* Constants.swift */ = {isa = PBXFileReference; lastKnownFileType = sourcecode.swift; path = Constants.swift; sourceTree = "<group>"; };
		BFCC119328F8ECA600FBEA82 /* Product.swift */ = {isa = PBXFileReference; lastKnownFileType = sourcecode.swift; path = Product.swift; sourceTree = "<group>"; };
		BFCF0F3A28E864F900D867BB /* EMenu (урезанный).app */ = {isa = PBXFileReference; explicitFileType = wrapper.application; includeInIndex = 0; path = "EMenu (урезанный).app"; sourceTree = BUILT_PRODUCTS_DIR; };
		BFCF0F3D28E864F900D867BB /* AppDelegate.swift */ = {isa = PBXFileReference; lastKnownFileType = sourcecode.swift; path = AppDelegate.swift; sourceTree = "<group>"; };
		BFCF0F3F28E864F900D867BB /* SceneDelegate.swift */ = {isa = PBXFileReference; lastKnownFileType = sourcecode.swift; path = SceneDelegate.swift; sourceTree = "<group>"; };
		BFCF0F4128E864F900D867BB /* ViewController.swift */ = {isa = PBXFileReference; lastKnownFileType = sourcecode.swift; path = ViewController.swift; sourceTree = "<group>"; };
		BFCF0F4428E864F900D867BB /* Base */ = {isa = PBXFileReference; lastKnownFileType = file.storyboard; name = Base; path = Base.lproj/Main.storyboard; sourceTree = "<group>"; };
		BFCF0F4628E864FB00D867BB /* Assets.xcassets */ = {isa = PBXFileReference; lastKnownFileType = folder.assetcatalog; path = Assets.xcassets; sourceTree = "<group>"; };
		BFCF0F4928E864FB00D867BB /* Base */ = {isa = PBXFileReference; lastKnownFileType = file.storyboard; name = Base; path = Base.lproj/LaunchScreen.storyboard; sourceTree = "<group>"; };
		BFCF0F4B28E864FB00D867BB /* Info.plist */ = {isa = PBXFileReference; lastKnownFileType = text.plist.xml; path = Info.plist; sourceTree = "<group>"; };
		BFCF0F5328EB297F00D867BB /* CustomTextField.swift */ = {isa = PBXFileReference; lastKnownFileType = sourcecode.swift; path = CustomTextField.swift; sourceTree = "<group>"; };
		BFCF0F5528EB2C8200D867BB /* CustomButton.swift */ = {isa = PBXFileReference; lastKnownFileType = sourcecode.swift; path = CustomButton.swift; sourceTree = "<group>"; };
		BFFAF6DE28F6328C00D433BC /* GoogleService-Info.plist */ = {isa = PBXFileReference; fileEncoding = 4; lastKnownFileType = text.plist.xml; path = "GoogleService-Info.plist"; sourceTree = "<group>"; };
/* End PBXFileReference section */

/* Begin PBXFrameworksBuildPhase section */
		BFCF0F3728E864F900D867BB /* Frameworks */ = {
			isa = PBXFrameworksBuildPhase;
			buildActionMask = 2147483647;
			files = (
				BFFAF6E628F63B4E00D433BC /* FirebaseDatabaseSwift in Frameworks */,
				BFFAF6E828F63B4E00D433BC /* FirebaseFirestore in Frameworks */,
				BFFAF6E228F63B4E00D433BC /* FirebaseAnalytics in Frameworks */,
				BFFAF6E428F63B4E00D433BC /* FirebaseAuth in Frameworks */,
			);
			runOnlyForDeploymentPostprocessing = 0;
		};
/* End PBXFrameworksBuildPhase section */

/* Begin PBXGroup section */
		BF60F6B428F60127006E1DEE /* Controllers */ = {
			isa = PBXGroup;
			children = (
				BFCF0F4328E864F900D867BB /* Main.storyboard */,
				BFCF0F4628E864FB00D867BB /* Assets.xcassets */,
				BFCF0F4828E864FB00D867BB /* LaunchScreen.storyboard */,
			);
			path = Controllers;
			sourceTree = "<group>";
		};
		BF60F6B528F60145006E1DEE /* Models */ = {
			isa = PBXGroup;
			children = (
				BFCC119328F8ECA600FBEA82 /* Product.swift */,
			);
			path = Models;
			sourceTree = "<group>";
		};
		BF60F6B628F6039A006E1DEE /* View */ = {
			isa = PBXGroup;
			children = (
				BFCF0F4128E864F900D867BB /* ViewController.swift */,
				BF60F6B028F60109006E1DEE /* SIgnUpViewController.swift */,
				BF60F6B228F60119006E1DEE /* LoginViewController.swift */,
				BF60F6BA28F609B1006E1DEE /* HomeViewController.swift */,
				BFCC119528F8EDE900FBEA82 /* Components */,
			);
			path = View;
			sourceTree = "<group>";
		};
		BFCC119528F8EDE900FBEA82 /* Components */ = {
			isa = PBXGroup;
			children = (
				BFCC119128F657B200FBEA82 /* Constants.swift */,
				BFCC118F28F6497800FBEA82 /* Abilities.swift */,
				BFCF0F5328EB297F00D867BB /* CustomTextField.swift */,
				BFCF0F5528EB2C8200D867BB /* CustomButton.swift */,
			);
			path = Components;
			sourceTree = "<group>";
		};
		BFCF0F3128E864F900D867BB = {
			isa = PBXGroup;
			children = (
				BFCF0F3C28E864F900D867BB /* EMenu (урезанный) */,
				BFCF0F3B28E864F900D867BB /* Products */,
			);
			sourceTree = "<group>";
		};
		BFCF0F3B28E864F900D867BB /* Products */ = {
			isa = PBXGroup;
			children = (
				BFCF0F3A28E864F900D867BB /* EMenu (урезанный).app */,
			);
			name = Products;
			sourceTree = "<group>";
		};
		BFCF0F3C28E864F900D867BB /* EMenu (урезанный) */ = {
			isa = PBXGroup;
			children = (
				BFCF0F4B28E864FB00D867BB /* Info.plist */,
				BFFAF6DE28F6328C00D433BC /* GoogleService-Info.plist */,
				BFCF0F3D28E864F900D867BB /* AppDelegate.swift */,
				BFCF0F3F28E864F900D867BB /* SceneDelegate.swift */,
				BF60F6B628F6039A006E1DEE /* View */,
				BF60F6B528F60145006E1DEE /* Models */,
				BF60F6B428F60127006E1DEE /* Controllers */,
			);
			path = "EMenu (урезанный)";
			sourceTree = "<group>";
		};
/* End PBXGroup section */

/* Begin PBXNativeTarget section */
		BFCF0F3928E864F900D867BB /* EMenu (урезанный) */ = {
			isa = PBXNativeTarget;
			buildConfigurationList = BFCF0F4E28E864FB00D867BB /* Build configuration list for PBXNativeTarget "EMenu (урезанный)" */;
			buildPhases = (
				BFCF0F3628E864F900D867BB /* Sources */,
				BFCF0F3728E864F900D867BB /* Frameworks */,
				BFCF0F3828E864F900D867BB /* Resources */,
			);
			buildRules = (
			);
			dependencies = (
			);
			name = "EMenu (урезанный)";
			packageProductDependencies = (
				BFFAF6E128F63B4E00D433BC /* FirebaseAnalytics */,
				BFFAF6E328F63B4E00D433BC /* FirebaseAuth */,
				BFFAF6E528F63B4E00D433BC /* FirebaseDatabaseSwift */,
				BFFAF6E728F63B4E00D433BC /* FirebaseFirestore */,
			);
			productName = "EMenu (урезанный)";
			productReference = BFCF0F3A28E864F900D867BB /* EMenu (урезанный).app */;
			productType = "com.apple.product-type.application";
		};
/* End PBXNativeTarget section */

/* Begin PBXProject section */
		BFCF0F3228E864F900D867BB /* Project object */ = {
			isa = PBXProject;
			attributes = {
				BuildIndependentTargetsInParallel = 1;
				LastSwiftUpdateCheck = 1400;
				LastUpgradeCheck = 1400;
				TargetAttributes = {
					BFCF0F3928E864F900D867BB = {
						CreatedOnToolsVersion = 14.0.1;
					};
				};
			};
			buildConfigurationList = BFCF0F3528E864F900D867BB /* Build configuration list for PBXProject "EMenu (урезанный)" */;
			compatibilityVersion = "Xcode 14.0";
			developmentRegion = en;
			hasScannedForEncodings = 0;
			knownRegions = (
				en,
				Base,
			);
			mainGroup = BFCF0F3128E864F900D867BB;
			packageReferences = (
				BFFAF6E028F63B4E00D433BC /* XCRemoteSwiftPackageReference "firebase-ios-sdk" */,
			);
			productRefGroup = BFCF0F3B28E864F900D867BB /* Products */;
			projectDirPath = "";
			projectRoot = "";
			targets = (
				BFCF0F3928E864F900D867BB /* EMenu (урезанный) */,
			);
		};
/* End PBXProject section */

/* Begin PBXResourcesBuildPhase section */
		BFCF0F3828E864F900D867BB /* Resources */ = {
			isa = PBXResourcesBuildPhase;
			buildActionMask = 2147483647;
			files = (
				BFCF0F4A28E864FB00D867BB /* LaunchScreen.storyboard in Resources */,
				BFFAF6DF28F6328C00D433BC /* GoogleService-Info.plist in Resources */,
				BFCF0F4728E864FB00D867BB /* Assets.xcassets in Resources */,
				BFCF0F4528E864F900D867BB /* Main.storyboard in Resources */,
			);
			runOnlyForDeploymentPostprocessing = 0;
		};
/* End PBXResourcesBuildPhase section */

/* Begin PBXSourcesBuildPhase section */
		BFCF0F3628E864F900D867BB /* Sources */ = {
			isa = PBXSourcesBuildPhase;
			buildActionMask = 2147483647;
			files = (
				BF60F6B328F60119006E1DEE /* LoginViewController.swift in Sources */,
				BFCF0F5428EB297F00D867BB /* CustomTextField.swift in Sources */,
				BFCF0F4228E864F900D867BB /* ViewController.swift in Sources */,
				BF60F6BB28F609B1006E1DEE /* HomeViewController.swift in Sources */,
				BF60F6B128F60109006E1DEE /* SIgnUpViewController.swift in Sources */,
				BFCC119428F8ECA600FBEA82 /* Product.swift in Sources */,
				BFCC119228F657B200FBEA82 /* Constants.swift in Sources */,
				BFCF0F3E28E864F900D867BB /* AppDelegate.swift in Sources */,
				BFCF0F4028E864F900D867BB /* SceneDelegate.swift in Sources */,
				BFCF0F5628EB2C8200D867BB /* CustomButton.swift in Sources */,
				BFCC119028F6497800FBEA82 /* Abilities.swift in Sources */,
			);
			runOnlyForDeploymentPostprocessing = 0;
		};
/* End PBXSourcesBuildPhase section */

/* Begin PBXVariantGroup section */
		BFCF0F4328E864F900D867BB /* Main.storyboard */ = {
			isa = PBXVariantGroup;
			children = (
				BFCF0F4428E864F900D867BB /* Base */,
			);
			name = Main.storyboard;
			sourceTree = "<group>";
		};
		BFCF0F4828E864FB00D867BB /* LaunchScreen.storyboard */ = {
			isa = PBXVariantGroup;
			children = (
				BFCF0F4928E864FB00D867BB /* Base */,
			);
			name = LaunchScreen.storyboard;
			sourceTree = "<group>";
		};
/* End PBXVariantGroup section */

/* Begin XCBuildConfiguration section */
		BFCF0F4C28E864FB00D867BB /* Debug */ = {
			isa = XCBuildConfiguration;
			buildSettings = {
				ALWAYS_SEARCH_USER_PATHS = NO;
				CLANG_ANALYZER_NONNULL = YES;
				CLANG_ANALYZER_NUMBER_OBJECT_CONVERSION = YES_AGGRESSIVE;
				CLANG_CXX_LANGUAGE_STANDARD = "gnu++20";
				CLANG_ENABLE_MODULES = YES;
				CLANG_ENABLE_OBJC_ARC = YES;
				CLANG_ENABLE_OBJC_WEAK = YES;
				CLANG_WARN_BLOCK_CAPTURE_AUTORELEASING = YES;
				CLANG_WARN_BOOL_CONVERSION = YES;
				CLANG_WARN_COMMA = YES;
				CLANG_WARN_CONSTANT_CONVERSION = YES;
				CLANG_WARN_DEPRECATED_OBJC_IMPLEMENTATIONS = YES;
				CLANG_WARN_DIRECT_OBJC_ISA_USAGE = YES_ERROR;
				CLANG_WARN_DOCUMENTATION_COMMENTS = YES;
				CLANG_WARN_EMPTY_BODY = YES;
				CLANG_WARN_ENUM_CONVERSION = YES;
				CLANG_WARN_INFINITE_RECURSION = YES;
				CLANG_WARN_INT_CONVERSION = YES;
				CLANG_WARN_NON_LITERAL_NULL_CONVERSION = YES;
				CLANG_WARN_OBJC_IMPLICIT_RETAIN_SELF = YES;
				CLANG_WARN_OBJC_LITERAL_CONVERSION = YES;
				CLANG_WARN_OBJC_ROOT_CLASS = YES_ERROR;
				CLANG_WARN_QUOTED_INCLUDE_IN_FRAMEWORK_HEADER = YES;
				CLANG_WARN_RANGE_LOOP_ANALYSIS = YES;
				CLANG_WARN_STRICT_PROTOTYPES = YES;
				CLANG_WARN_SUSPICIOUS_MOVE = YES;
				CLANG_WARN_UNGUARDED_AVAILABILITY = YES_AGGRESSIVE;
				CLANG_WARN_UNREACHABLE_CODE = YES;
				CLANG_WARN__DUPLICATE_METHOD_MATCH = YES;
				COPY_PHASE_STRIP = NO;
				DEBUG_INFORMATION_FORMAT = dwarf;
				ENABLE_STRICT_OBJC_MSGSEND = YES;
				ENABLE_TESTABILITY = YES;
				GCC_C_LANGUAGE_STANDARD = gnu11;
				GCC_DYNAMIC_NO_PIC = NO;
				GCC_NO_COMMON_BLOCKS = YES;
				GCC_OPTIMIZATION_LEVEL = 0;
				GCC_PREPROCESSOR_DEFINITIONS = (
					"DEBUG=1",
					"$(inherited)",
				);
				GCC_WARN_64_TO_32_BIT_CONVERSION = YES;
				GCC_WARN_ABOUT_RETURN_TYPE = YES_ERROR;
				GCC_WARN_UNDECLARED_SELECTOR = YES;
				GCC_WARN_UNINITIALIZED_AUTOS = YES_AGGRESSIVE;
				GCC_WARN_UNUSED_FUNCTION = YES;
				GCC_WARN_UNUSED_VARIABLE = YES;
				IPHONEOS_DEPLOYMENT_TARGET = 16.0;
				MTL_ENABLE_DEBUG_INFO = INCLUDE_SOURCE;
				MTL_FAST_MATH = YES;
				ONLY_ACTIVE_ARCH = YES;
				SDKROOT = iphoneos;
				SWIFT_ACTIVE_COMPILATION_CONDITIONS = DEBUG;
				SWIFT_OPTIMIZATION_LEVEL = "-Onone";
			};
			name = Debug;
		};
		BFCF0F4D28E864FB00D867BB /* Release */ = {
			isa = XCBuildConfiguration;
			buildSettings = {
				ALWAYS_SEARCH_USER_PATHS = NO;
				CLANG_ANALYZER_NONNULL = YES;
				CLANG_ANALYZER_NUMBER_OBJECT_CONVERSION = YES_AGGRESSIVE;
				CLANG_CXX_LANGUAGE_STANDARD = "gnu++20";
				CLANG_ENABLE_MODULES = YES;
				CLANG_ENABLE_OBJC_ARC = YES;
				CLANG_ENABLE_OBJC_WEAK = YES;
				CLANG_WARN_BLOCK_CAPTURE_AUTORELEASING = YES;
				CLANG_WARN_BOOL_CONVERSION = YES;
				CLANG_WARN_COMMA = YES;
				CLANG_WARN_CONSTANT_CONVERSION = YES;
				CLANG_WARN_DEPRECATED_OBJC_IMPLEMENTATIONS = YES;
				CLANG_WARN_DIRECT_OBJC_ISA_USAGE = YES_ERROR;
				CLANG_WARN_DOCUMENTATION_COMMENTS = YES;
				CLANG_WARN_EMPTY_BODY = YES;
				CLANG_WARN_ENUM_CONVERSION = YES;
				CLANG_WARN_INFINITE_RECURSION = YES;
				CLANG_WARN_INT_CONVERSION = YES;
				CLANG_WARN_NON_LITERAL_NULL_CONVERSION = YES;
				CLANG_WARN_OBJC_IMPLICIT_RETAIN_SELF = YES;
				CLANG_WARN_OBJC_LITERAL_CONVERSION = YES;
				CLANG_WARN_OBJC_ROOT_CLASS = YES_ERROR;
				CLANG_WARN_QUOTED_INCLUDE_IN_FRAMEWORK_HEADER = YES;
				CLANG_WARN_RANGE_LOOP_ANALYSIS = YES;
				CLANG_WARN_STRICT_PROTOTYPES = YES;
				CLANG_WARN_SUSPICIOUS_MOVE = YES;
				CLANG_WARN_UNGUARDED_AVAILABILITY = YES_AGGRESSIVE;
				CLANG_WARN_UNREACHABLE_CODE = YES;
				CLANG_WARN__DUPLICATE_METHOD_MATCH = YES;
				COPY_PHASE_STRIP = NO;
				DEBUG_INFORMATION_FORMAT = "dwarf-with-dsym";
				ENABLE_NS_ASSERTIONS = NO;
				ENABLE_STRICT_OBJC_MSGSEND = YES;
				GCC_C_LANGUAGE_STANDARD = gnu11;
				GCC_NO_COMMON_BLOCKS = YES;
				GCC_WARN_64_TO_32_BIT_CONVERSION = YES;
				GCC_WARN_ABOUT_RETURN_TYPE = YES_ERROR;
				GCC_WARN_UNDECLARED_SELECTOR = YES;
				GCC_WARN_UNINITIALIZED_AUTOS = YES_AGGRESSIVE;
				GCC_WARN_UNUSED_FUNCTION = YES;
				GCC_WARN_UNUSED_VARIABLE = YES;
				IPHONEOS_DEPLOYMENT_TARGET = 16.0;
				MTL_ENABLE_DEBUG_INFO = NO;
				MTL_FAST_MATH = YES;
				SDKROOT = iphoneos;
				SWIFT_COMPILATION_MODE = wholemodule;
				SWIFT_OPTIMIZATION_LEVEL = "-O";
				VALIDATE_PRODUCT = YES;
			};
			name = Release;
		};
		BFCF0F4F28E864FB00D867BB /* Debug */ = {
			isa = XCBuildConfiguration;
			buildSettings = {
				ASSETCATALOG_COMPILER_APPICON_NAME = AppIcon;
				ASSETCATALOG_COMPILER_GLOBAL_ACCENT_COLOR_NAME = AccentColor;
				CODE_SIGN_STYLE = Automatic;
				CURRENT_PROJECT_VERSION = 1;
				DEVELOPMENT_TEAM = 8T4HBP7LYJ;
				GENERATE_INFOPLIST_FILE = YES;
				INFOPLIST_FILE = "EMenu (урезанный)/Info.plist";
				INFOPLIST_KEY_UIApplicationSupportsIndirectInputEvents = YES;
				INFOPLIST_KEY_UILaunchStoryboardName = LaunchScreen;
				INFOPLIST_KEY_UIMainStoryboardFile = Main;
				INFOPLIST_KEY_UISupportedInterfaceOrientations_iPad = "UIInterfaceOrientationPortrait UIInterfaceOrientationPortraitUpsideDown UIInterfaceOrientationLandscapeLeft UIInterfaceOrientationLandscapeRight";
				INFOPLIST_KEY_UISupportedInterfaceOrientations_iPhone = "UIInterfaceOrientationPortrait UIInterfaceOrientationLandscapeLeft UIInterfaceOrientationLandscapeRight";
				LD_RUNPATH_SEARCH_PATHS = (
					"$(inherited)",
					"@executable_path/Frameworks",
				);
				MARKETING_VERSION = 1.0;
				PRODUCT_BUNDLE_IDENTIFIER = "LEARNING-UIKit.EMenu-------------";
				PRODUCT_NAME = "$(TARGET_NAME)";
				SWIFT_EMIT_LOC_STRINGS = YES;
				SWIFT_VERSION = 5.0;
				TARGETED_DEVICE_FAMILY = "1,2";
			};
			name = Debug;
		};
		BFCF0F5028E864FB00D867BB /* Release */ = {
			isa = XCBuildConfiguration;
			buildSettings = {
				ASSETCATALOG_COMPILER_APPICON_NAME = AppIcon;
				ASSETCATALOG_COMPILER_GLOBAL_ACCENT_COLOR_NAME = AccentColor;
				CODE_SIGN_STYLE = Automatic;
				CURRENT_PROJECT_VERSION = 1;
				DEVELOPMENT_TEAM = 8T4HBP7LYJ;
				GENERATE_INFOPLIST_FILE = YES;
				INFOPLIST_FILE = "EMenu (урезанный)/Info.plist";
				INFOPLIST_KEY_UIApplicationSupportsIndirectInputEvents = YES;
				INFOPLIST_KEY_UILaunchStoryboardName = LaunchScreen;
				INFOPLIST_KEY_UIMainStoryboardFile = Main;
				INFOPLIST_KEY_UISupportedInterfaceOrientations_iPad = "UIInterfaceOrientationPortrait UIInterfaceOrientationPortraitUpsideDown UIInterfaceOrientationLandscapeLeft UIInterfaceOrientationLandscapeRight";
				INFOPLIST_KEY_UISupportedInterfaceOrientations_iPhone = "UIInterfaceOrientationPortrait UIInterfaceOrientationLandscapeLeft UIInterfaceOrientationLandscapeRight";
				LD_RUNPATH_SEARCH_PATHS = (
					"$(inherited)",
					"@executable_path/Frameworks",
				);
				MARKETING_VERSION = 1.0;
				PRODUCT_BUNDLE_IDENTIFIER = "LEARNING-UIKit.EMenu-------------";
				PRODUCT_NAME = "$(TARGET_NAME)";
				SWIFT_EMIT_LOC_STRINGS = YES;
				SWIFT_VERSION = 5.0;
				TARGETED_DEVICE_FAMILY = "1,2";
			};
			name = Release;
		};
/* End XCBuildConfiguration section */

/* Begin XCConfigurationList section */
		BFCF0F3528E864F900D867BB /* Build configuration list for PBXProject "EMenu (урезанный)" */ = {
			isa = XCConfigurationList;
			buildConfigurations = (
				BFCF0F4C28E864FB00D867BB /* Debug */,
				BFCF0F4D28E864FB00D867BB /* Release */,
			);
			defaultConfigurationIsVisible = 0;
			defaultConfigurationName = Release;
		};
		BFCF0F4E28E864FB00D867BB /* Build configuration list for PBXNativeTarget "EMenu (урезанный)" */ = {
			isa = XCConfigurationList;
			buildConfigurations = (
				BFCF0F4F28E864FB00D867BB /* Debug */,
				BFCF0F5028E864FB00D867BB /* Release */,
			);
			defaultConfigurationIsVisible = 0;
			defaultConfigurationName = Release;
		};
/* End XCConfigurationList section */

/* Begin XCRemoteSwiftPackageReference section */
		BFFAF6E028F63B4E00D433BC /* XCRemoteSwiftPackageReference "firebase-ios-sdk" */ = {
			isa = XCRemoteSwiftPackageReference;
			repositoryURL = "https://github.com/firebase/firebase-ios-sdk";
			requirement = {
				kind = upToNextMajorVersion;
				minimumVersion = 9.0.0;
			};
		};
/* End XCRemoteSwiftPackageReference section */

/* Begin XCSwiftPackageProductDependency section */
		BFFAF6E128F63B4E00D433BC /* FirebaseAnalytics */ = {
			isa = XCSwiftPackageProductDependency;
			package = BFFAF6E028F63B4E00D433BC /* XCRemoteSwiftPackageReference "firebase-ios-sdk" */;
			productName = FirebaseAnalytics;
		};
		BFFAF6E328F63B4E00D433BC /* FirebaseAuth */ = {
			isa = XCSwiftPackageProductDependency;
			package = BFFAF6E028F63B4E00D433BC /* XCRemoteSwiftPackageReference "firebase-ios-sdk" */;
			productName = FirebaseAuth;
		};
		BFFAF6E528F63B4E00D433BC /* FirebaseDatabaseSwift */ = {
			isa = XCSwiftPackageProductDependency;
			package = BFFAF6E028F63B4E00D433BC /* XCRemoteSwiftPackageReference "firebase-ios-sdk" */;
			productName = FirebaseDatabaseSwift;
		};
		BFFAF6E728F63B4E00D433BC /* FirebaseFirestore */ = {
			isa = XCSwiftPackageProductDependency;
			package = BFFAF6E028F63B4E00D433BC /* XCRemoteSwiftPackageReference "firebase-ios-sdk" */;
			productName = FirebaseFirestore;
		};
/* End XCSwiftPackageProductDependency section */
	};
	rootObject = BFCF0F3228E864F900D867BB /* Project object */;
}
